// !$*UTF8*$!
{
	archiveVersion = 1;
	classes = {
	};
	objectVersion = 46;
	objects = {

/* Begin PBXBuildFile section */
		151A0C03FFDB968D6AA34520 /* Pods_Vertex.framework in Frameworks */ = {isa = PBXBuildFile; fileRef = 9F3134FB392309A7C93B7085 /* Pods_Vertex.framework */; };
		800953111C1703C600AF46CA /* TasksViewController.swift in Sources */ = {isa = PBXBuildFile; fileRef = 800953101C1703C600AF46CA /* TasksViewController.swift */; };
		800953131C17050600AF46CA /* LoginViewController.swift in Sources */ = {isa = PBXBuildFile; fileRef = 800953121C17050600AF46CA /* LoginViewController.swift */; };
		805374721C14548F0050763C /* AppDelegate.swift in Sources */ = {isa = PBXBuildFile; fileRef = 805374711C14548F0050763C /* AppDelegate.swift */; };
		805374791C14548F0050763C /* Assets.xcassets in Resources */ = {isa = PBXBuildFile; fileRef = 805374781C14548F0050763C /* Assets.xcassets */; };
		8053747C1C14548F0050763C /* LaunchScreen.storyboard in Resources */ = {isa = PBXBuildFile; fileRef = 8053747A1C14548F0050763C /* LaunchScreen.storyboard */; };
		805374871C14548F0050763C /* VertexTests.swift in Sources */ = {isa = PBXBuildFile; fileRef = 805374861C14548F0050763C /* VertexTests.swift */; };
		805374921C14548F0050763C /* VertexUITests.swift in Sources */ = {isa = PBXBuildFile; fileRef = 805374911C14548F0050763C /* VertexUITests.swift */; };
		80AAAA281C2117C1009D08F9 /* TaskCell.swift in Sources */ = {isa = PBXBuildFile; fileRef = 80AAAA271C2117C1009D08F9 /* TaskCell.swift */; };
		80AAAA2E1C21C315009D08F9 /* check.png in Resources */ = {isa = PBXBuildFile; fileRef = 80AAAA2C1C21C315009D08F9 /* check.png */; };
		80AAAA2F1C21C315009D08F9 /* check@2x.png in Resources */ = {isa = PBXBuildFile; fileRef = 80AAAA2D1C21C315009D08F9 /* check@2x.png */; };
		80AAAA321C24D44C009D08F9 /* times.png in Resources */ = {isa = PBXBuildFile; fileRef = 80AAAA301C24D44C009D08F9 /* times.png */; };
		80AAAA331C24D44C009D08F9 /* times@2x.png in Resources */ = {isa = PBXBuildFile; fileRef = 80AAAA311C24D44C009D08F9 /* times@2x.png */; };
		80EFB1991C1D81370084E49A /* preference.plist in Resources */ = {isa = PBXBuildFile; fileRef = 80EFB1981C1D81370084E49A /* preference.plist */; };
		80EFB19B1C1D818F0084E49A /* Preference.swift in Sources */ = {isa = PBXBuildFile; fileRef = 80EFB19A1C1D818F0084E49A /* Preference.swift */; };
		80EFB1A21C1D9BE90084E49A /* VertexRequestType.swift in Sources */ = {isa = PBXBuildFile; fileRef = 80EFB1A11C1D9BE90084E49A /* VertexRequestType.swift */; };
		80EFB1A41C1D9C830084E49A /* Task.swift in Sources */ = {isa = PBXBuildFile; fileRef = 80EFB1A31C1D9C830084E49A /* Task.swift */; };
		80EFB1A61C1DA1630084E49A /* VertexUser.swift in Sources */ = {isa = PBXBuildFile; fileRef = 80EFB1A51C1DA1630084E49A /* VertexUser.swift */; };
/* End PBXBuildFile section */

/* Begin PBXContainerItemProxy section */
		805374831C14548F0050763C /* PBXContainerItemProxy */ = {
			isa = PBXContainerItemProxy;
			containerPortal = 805374661C14548F0050763C /* Project object */;
			proxyType = 1;
			remoteGlobalIDString = 8053746D1C14548F0050763C;
			remoteInfo = Vertex;
		};
		8053748E1C14548F0050763C /* PBXContainerItemProxy */ = {
			isa = PBXContainerItemProxy;
			containerPortal = 805374661C14548F0050763C /* Project object */;
			proxyType = 1;
			remoteGlobalIDString = 8053746D1C14548F0050763C;
			remoteInfo = Vertex;
		};
/* End PBXContainerItemProxy section */

/* Begin PBXFileReference section */
		4A4CB8967F86269C77BA8735 /* Pods.framework */ = {isa = PBXFileReference; explicitFileType = wrapper.framework; includeInIndex = 0; path = Pods.framework; sourceTree = BUILT_PRODUCTS_DIR; };
		800953101C1703C600AF46CA /* TasksViewController.swift */ = {isa = PBXFileReference; fileEncoding = 4; lastKnownFileType = sourcecode.swift; path = TasksViewController.swift; sourceTree = "<group>"; };
		800953121C17050600AF46CA /* LoginViewController.swift */ = {isa = PBXFileReference; fileEncoding = 4; lastKnownFileType = sourcecode.swift; path = LoginViewController.swift; sourceTree = "<group>"; };
		8053746E1C14548F0050763C /* Vertex.app */ = {isa = PBXFileReference; explicitFileType = wrapper.application; includeInIndex = 0; path = Vertex.app; sourceTree = BUILT_PRODUCTS_DIR; };
		805374711C14548F0050763C /* AppDelegate.swift */ = {isa = PBXFileReference; lastKnownFileType = sourcecode.swift; path = AppDelegate.swift; sourceTree = "<group>"; };
		805374781C14548F0050763C /* Assets.xcassets */ = {isa = PBXFileReference; lastKnownFileType = folder.assetcatalog; path = Assets.xcassets; sourceTree = "<group>"; };
		8053747B1C14548F0050763C /* Base */ = {isa = PBXFileReference; lastKnownFileType = file.storyboard; name = Base; path = Base.lproj/LaunchScreen.storyboard; sourceTree = "<group>"; };
		8053747D1C14548F0050763C /* Info.plist */ = {isa = PBXFileReference; lastKnownFileType = text.plist.xml; path = Info.plist; sourceTree = "<group>"; };
		805374821C14548F0050763C /* VertexTests.xctest */ = {isa = PBXFileReference; explicitFileType = wrapper.cfbundle; includeInIndex = 0; path = VertexTests.xctest; sourceTree = BUILT_PRODUCTS_DIR; };
		805374861C14548F0050763C /* VertexTests.swift */ = {isa = PBXFileReference; lastKnownFileType = sourcecode.swift; path = VertexTests.swift; sourceTree = "<group>"; };
		805374881C14548F0050763C /* Info.plist */ = {isa = PBXFileReference; lastKnownFileType = text.plist.xml; path = Info.plist; sourceTree = "<group>"; };
		8053748D1C14548F0050763C /* VertexUITests.xctest */ = {isa = PBXFileReference; explicitFileType = wrapper.cfbundle; includeInIndex = 0; path = VertexUITests.xctest; sourceTree = BUILT_PRODUCTS_DIR; };
		805374911C14548F0050763C /* VertexUITests.swift */ = {isa = PBXFileReference; lastKnownFileType = sourcecode.swift; path = VertexUITests.swift; sourceTree = "<group>"; };
		805374931C14548F0050763C /* Info.plist */ = {isa = PBXFileReference; lastKnownFileType = text.plist.xml; path = Info.plist; sourceTree = "<group>"; };
		80857D4F1C267CEB0087AEEB /* Vertex.entitlements */ = {isa = PBXFileReference; lastKnownFileType = text.xml; path = Vertex.entitlements; sourceTree = "<group>"; };
		80AAAA271C2117C1009D08F9 /* TaskCell.swift */ = {isa = PBXFileReference; fileEncoding = 4; lastKnownFileType = sourcecode.swift; path = TaskCell.swift; sourceTree = "<group>"; };
		80AAAA2C1C21C315009D08F9 /* check.png */ = {isa = PBXFileReference; lastKnownFileType = image.png; name = check.png; path = Icons/check.png; sourceTree = "<group>"; };
		80AAAA2D1C21C315009D08F9 /* check@2x.png */ = {isa = PBXFileReference; lastKnownFileType = image.png; name = "check@2x.png"; path = "Icons/check@2x.png"; sourceTree = "<group>"; };
		80AAAA301C24D44C009D08F9 /* times.png */ = {isa = PBXFileReference; lastKnownFileType = image.png; name = times.png; path = Icons/times.png; sourceTree = "<group>"; };
		80AAAA311C24D44C009D08F9 /* times@2x.png */ = {isa = PBXFileReference; lastKnownFileType = image.png; name = "times@2x.png"; path = "Icons/times@2x.png"; sourceTree = "<group>"; };
		80EFB1981C1D81370084E49A /* preference.plist */ = {isa = PBXFileReference; fileEncoding = 4; lastKnownFileType = text.plist.xml; path = preference.plist; sourceTree = "<group>"; };
		80EFB19A1C1D818F0084E49A /* Preference.swift */ = {isa = PBXFileReference; fileEncoding = 4; lastKnownFileType = sourcecode.swift; path = Preference.swift; sourceTree = "<group>"; };
		80EFB1A11C1D9BE90084E49A /* VertexRequestType.swift */ = {isa = PBXFileReference; fileEncoding = 4; lastKnownFileType = sourcecode.swift; name = VertexRequestType.swift; path = API/VertexRequestType.swift; sourceTree = "<group>"; };
		80EFB1A31C1D9C830084E49A /* Task.swift */ = {isa = PBXFileReference; fileEncoding = 4; lastKnownFileType = sourcecode.swift; name = Task.swift; path = API/Task.swift; sourceTree = "<group>"; };
		80EFB1A51C1DA1630084E49A /* VertexUser.swift */ = {isa = PBXFileReference; fileEncoding = 4; lastKnownFileType = sourcecode.swift; name = VertexUser.swift; path = API/VertexUser.swift; sourceTree = "<group>"; };
		9F3134FB392309A7C93B7085 /* Pods_Vertex.framework */ = {isa = PBXFileReference; explicitFileType = wrapper.framework; includeInIndex = 0; path = Pods_Vertex.framework; sourceTree = BUILT_PRODUCTS_DIR; };
		B803C5965C007D1E1F513631 /* Pods-Vertex.release.xcconfig */ = {isa = PBXFileReference; includeInIndex = 1; lastKnownFileType = text.xcconfig; name = "Pods-Vertex.release.xcconfig"; path = "Pods/Target Support Files/Pods-Vertex/Pods-Vertex.release.xcconfig"; sourceTree = "<group>"; };
		B90756FFCEF773DC016A15A0 /* Pods-Vertex.debug.xcconfig */ = {isa = PBXFileReference; includeInIndex = 1; lastKnownFileType = text.xcconfig; name = "Pods-Vertex.debug.xcconfig"; path = "Pods/Target Support Files/Pods-Vertex/Pods-Vertex.debug.xcconfig"; sourceTree = "<group>"; };
/* End PBXFileReference section */

/* Begin PBXFrameworksBuildPhase section */
		8053746B1C14548F0050763C /* Frameworks */ = {
			isa = PBXFrameworksBuildPhase;
			buildActionMask = 2147483647;
			files = (
				151A0C03FFDB968D6AA34520 /* Pods_Vertex.framework in Frameworks */,
			);
			runOnlyForDeploymentPostprocessing = 0;
		};
		8053747F1C14548F0050763C /* Frameworks */ = {
			isa = PBXFrameworksBuildPhase;
			buildActionMask = 2147483647;
			files = (
			);
			runOnlyForDeploymentPostprocessing = 0;
		};
		8053748A1C14548F0050763C /* Frameworks */ = {
			isa = PBXFrameworksBuildPhase;
			buildActionMask = 2147483647;
			files = (
			);
			runOnlyForDeploymentPostprocessing = 0;
		};
/* End PBXFrameworksBuildPhase section */

/* Begin PBXGroup section */
		701C757818895D3BA8CE298A /* Frameworks */ = {
			isa = PBXGroup;
			children = (
				4A4CB8967F86269C77BA8735 /* Pods.framework */,
				9F3134FB392309A7C93B7085 /* Pods_Vertex.framework */,
			);
			name = Frameworks;
			sourceTree = "<group>";
		};
		805374651C14548F0050763C = {
			isa = PBXGroup;
			children = (
				805374701C14548F0050763C /* Vertex */,
				805374851C14548F0050763C /* VertexTests */,
				805374901C14548F0050763C /* VertexUITests */,
				8053746F1C14548F0050763C /* Products */,
				701C757818895D3BA8CE298A /* Frameworks */,
				AAA9F2C56FDCD167A4802AD3 /* Pods */,
			);
			sourceTree = "<group>";
		};
		8053746F1C14548F0050763C /* Products */ = {
			isa = PBXGroup;
			children = (
				8053746E1C14548F0050763C /* Vertex.app */,
				805374821C14548F0050763C /* VertexTests.xctest */,
				8053748D1C14548F0050763C /* VertexUITests.xctest */,
			);
			name = Products;
			sourceTree = "<group>";
		};
		805374701C14548F0050763C /* Vertex */ = {
			isa = PBXGroup;
			children = (
				80857D4F1C267CEB0087AEEB /* Vertex.entitlements */,
				80AAAA291C21C289009D08F9 /* Icons */,
				80EFB19E1C1D9AE00084E49A /* API */,
				805374711C14548F0050763C /* AppDelegate.swift */,
				805374781C14548F0050763C /* Assets.xcassets */,
				8053747A1C14548F0050763C /* LaunchScreen.storyboard */,
				8053747D1C14548F0050763C /* Info.plist */,
				800953101C1703C600AF46CA /* TasksViewController.swift */,
				800953121C17050600AF46CA /* LoginViewController.swift */,
				80EFB1981C1D81370084E49A /* preference.plist */,
				80EFB19A1C1D818F0084E49A /* Preference.swift */,
				80AAAA271C2117C1009D08F9 /* TaskCell.swift */,
			);
			path = Vertex;
			sourceTree = "<group>";
		};
		805374851C14548F0050763C /* VertexTests */ = {
			isa = PBXGroup;
			children = (
				805374861C14548F0050763C /* VertexTests.swift */,
				805374881C14548F0050763C /* Info.plist */,
			);
			path = VertexTests;
			sourceTree = "<group>";
		};
		805374901C14548F0050763C /* VertexUITests */ = {
			isa = PBXGroup;
			children = (
				805374911C14548F0050763C /* VertexUITests.swift */,
				805374931C14548F0050763C /* Info.plist */,
			);
			path = VertexUITests;
			sourceTree = "<group>";
		};
		80AAAA291C21C289009D08F9 /* Icons */ = {
			isa = PBXGroup;
			children = (
				80AAAA2C1C21C315009D08F9 /* check.png */,
				80AAAA2D1C21C315009D08F9 /* check@2x.png */,
				80AAAA301C24D44C009D08F9 /* times.png */,
				80AAAA311C24D44C009D08F9 /* times@2x.png */,
			);
			name = Icons;
			sourceTree = "<group>";
		};
		80EFB19E1C1D9AE00084E49A /* API */ = {
			isa = PBXGroup;
			children = (
				80EFB1A11C1D9BE90084E49A /* VertexRequestType.swift */,
				80EFB1A31C1D9C830084E49A /* Task.swift */,
				80EFB1A51C1DA1630084E49A /* VertexUser.swift */,
			);
			name = API;
			sourceTree = "<group>";
		};
		AAA9F2C56FDCD167A4802AD3 /* Pods */ = {
			isa = PBXGroup;
			children = (
				B90756FFCEF773DC016A15A0 /* Pods-Vertex.debug.xcconfig */,
				B803C5965C007D1E1F513631 /* Pods-Vertex.release.xcconfig */,
			);
			name = Pods;
			sourceTree = "<group>";
		};
/* End PBXGroup section */

/* Begin PBXNativeTarget section */
		8053746D1C14548F0050763C /* Vertex */ = {
			isa = PBXNativeTarget;
			buildConfigurationList = 805374961C14548F0050763C /* Build configuration list for PBXNativeTarget "Vertex" */;
			buildPhases = (
				6BF6F172DB73E8465283BACC /* [CP] Check Pods Manifest.lock */,
				8053746A1C14548F0050763C /* Sources */,
				8053746B1C14548F0050763C /* Frameworks */,
				8053746C1C14548F0050763C /* Resources */,
				497C4EF2DA2B6A371F7797DA /* [CP] Embed Pods Frameworks */,
			);
			buildRules = (
			);
			dependencies = (
			);
			name = Vertex;
			productName = Vertex;
			productReference = 8053746E1C14548F0050763C /* Vertex.app */;
			productType = "com.apple.product-type.application";
		};
		805374811C14548F0050763C /* VertexTests */ = {
			isa = PBXNativeTarget;
			buildConfigurationList = 805374991C14548F0050763C /* Build configuration list for PBXNativeTarget "VertexTests" */;
			buildPhases = (
				8053747E1C14548F0050763C /* Sources */,
				8053747F1C14548F0050763C /* Frameworks */,
				805374801C14548F0050763C /* Resources */,
			);
			buildRules = (
			);
			dependencies = (
				805374841C14548F0050763C /* PBXTargetDependency */,
			);
			name = VertexTests;
			productName = VertexTests;
			productReference = 805374821C14548F0050763C /* VertexTests.xctest */;
			productType = "com.apple.product-type.bundle.unit-test";
		};
		8053748C1C14548F0050763C /* VertexUITests */ = {
			isa = PBXNativeTarget;
			buildConfigurationList = 8053749C1C14548F0050763C /* Build configuration list for PBXNativeTarget "VertexUITests" */;
			buildPhases = (
				805374891C14548F0050763C /* Sources */,
				8053748A1C14548F0050763C /* Frameworks */,
				8053748B1C14548F0050763C /* Resources */,
			);
			buildRules = (
			);
			dependencies = (
				8053748F1C14548F0050763C /* PBXTargetDependency */,
			);
			name = VertexUITests;
			productName = VertexUITests;
			productReference = 8053748D1C14548F0050763C /* VertexUITests.xctest */;
			productType = "com.apple.product-type.bundle.ui-testing";
		};
/* End PBXNativeTarget section */

/* Begin PBXProject section */
		805374661C14548F0050763C /* Project object */ = {
			isa = PBXProject;
			attributes = {
				LastSwiftUpdateCheck = 0710;
				LastUpgradeCheck = 1020;
				ORGANIZATIONNAME = codefirst;
				TargetAttributes = {
					8053746D1C14548F0050763C = {
						CreatedOnToolsVersion = 7.1.1;
						LastSwiftMigration = 1020;
						SystemCapabilities = {
							com.apple.Keychain = {
								enabled = 1;
							};
						};
					};
					805374811C14548F0050763C = {
						CreatedOnToolsVersion = 7.1.1;
						LastSwiftMigration = 1020;
						TestTargetID = 8053746D1C14548F0050763C;
					};
					8053748C1C14548F0050763C = {
						CreatedOnToolsVersion = 7.1.1;
						LastSwiftMigration = 1020;
						TestTargetID = 8053746D1C14548F0050763C;
					};
				};
			};
			buildConfigurationList = 805374691C14548F0050763C /* Build configuration list for PBXProject "Vertex" */;
			compatibilityVersion = "Xcode 3.2";
			developmentRegion = English;
			hasScannedForEncodings = 0;
			knownRegions = (
				English,
				en,
				Base,
			);
			mainGroup = 805374651C14548F0050763C;
			productRefGroup = 8053746F1C14548F0050763C /* Products */;
			projectDirPath = "";
			projectRoot = "";
			targets = (
				8053746D1C14548F0050763C /* Vertex */,
				805374811C14548F0050763C /* VertexTests */,
				8053748C1C14548F0050763C /* VertexUITests */,
			);
		};
/* End PBXProject section */

/* Begin PBXResourcesBuildPhase section */
		8053746C1C14548F0050763C /* Resources */ = {
			isa = PBXResourcesBuildPhase;
			buildActionMask = 2147483647;
			files = (
				80AAAA2F1C21C315009D08F9 /* check@2x.png in Resources */,
				8053747C1C14548F0050763C /* LaunchScreen.storyboard in Resources */,
				80AAAA321C24D44C009D08F9 /* times.png in Resources */,
				80EFB1991C1D81370084E49A /* preference.plist in Resources */,
				80AAAA2E1C21C315009D08F9 /* check.png in Resources */,
				80AAAA331C24D44C009D08F9 /* times@2x.png in Resources */,
				805374791C14548F0050763C /* Assets.xcassets in Resources */,
			);
			runOnlyForDeploymentPostprocessing = 0;
		};
		805374801C14548F0050763C /* Resources */ = {
			isa = PBXResourcesBuildPhase;
			buildActionMask = 2147483647;
			files = (
			);
			runOnlyForDeploymentPostprocessing = 0;
		};
		8053748B1C14548F0050763C /* Resources */ = {
			isa = PBXResourcesBuildPhase;
			buildActionMask = 2147483647;
			files = (
			);
			runOnlyForDeploymentPostprocessing = 0;
		};
/* End PBXResourcesBuildPhase section */

/* Begin PBXShellScriptBuildPhase section */
		497C4EF2DA2B6A371F7797DA /* [CP] Embed Pods Frameworks */ = {
			isa = PBXShellScriptBuildPhase;
			buildActionMask = 2147483647;
			files = (
			);
			inputPaths = (
				"${PODS_ROOT}/Target Support Files/Pods-Vertex/Pods-Vertex-frameworks.sh",
				"${BUILT_PRODUCTS_DIR}/APIKit/APIKit.framework",
				"${BUILT_PRODUCTS_DIR}/Kanna/Kanna.framework",
				"${BUILT_PRODUCTS_DIR}/KeychainAccess/KeychainAccess.framework",
				"${BUILT_PRODUCTS_DIR}/MCSwipeTableViewCell/MCSwipeTableViewCell.framework",
				"${BUILT_PRODUCTS_DIR}/PullToRefresher/PullToRefresh.framework",
				"${BUILT_PRODUCTS_DIR}/SVProgressHUD/SVProgressHUD.framework",
				"${BUILT_PRODUCTS_DIR}/SwiftyJSON/SwiftyJSON.framework",
			);
			name = "[CP] Embed Pods Frameworks";
			outputPaths = (
				"${TARGET_BUILD_DIR}/${FRAMEWORKS_FOLDER_PATH}/APIKit.framework",
				"${TARGET_BUILD_DIR}/${FRAMEWORKS_FOLDER_PATH}/Kanna.framework",
				"${TARGET_BUILD_DIR}/${FRAMEWORKS_FOLDER_PATH}/KeychainAccess.framework",
				"${TARGET_BUILD_DIR}/${FRAMEWORKS_FOLDER_PATH}/MCSwipeTableViewCell.framework",
				"${TARGET_BUILD_DIR}/${FRAMEWORKS_FOLDER_PATH}/PullToRefresh.framework",
				"${TARGET_BUILD_DIR}/${FRAMEWORKS_FOLDER_PATH}/SVProgressHUD.framework",
				"${TARGET_BUILD_DIR}/${FRAMEWORKS_FOLDER_PATH}/SwiftyJSON.framework",
			);
			runOnlyForDeploymentPostprocessing = 0;
			shellPath = /bin/sh;
			shellScript = "\"${PODS_ROOT}/Target Support Files/Pods-Vertex/Pods-Vertex-frameworks.sh\"\n";
			showEnvVarsInLog = 0;
		};
		6BF6F172DB73E8465283BACC /* [CP] Check Pods Manifest.lock */ = {
			isa = PBXShellScriptBuildPhase;
			buildActionMask = 2147483647;
			files = (
			);
			inputPaths = (
				"${PODS_PODFILE_DIR_PATH}/Podfile.lock",
				"${PODS_ROOT}/Manifest.lock",
			);
			name = "[CP] Check Pods Manifest.lock";
			outputPaths = (
				"$(DERIVED_FILE_DIR)/Pods-Vertex-checkManifestLockResult.txt",
			);
			runOnlyForDeploymentPostprocessing = 0;
			shellPath = /bin/sh;
			shellScript = "diff \"${PODS_PODFILE_DIR_PATH}/Podfile.lock\" \"${PODS_ROOT}/Manifest.lock\" > /dev/null\nif [ $? != 0 ] ; then\n    # print error to STDERR\n    echo \"error: The sandbox is not in sync with the Podfile.lock. Run 'pod install' or update your CocoaPods installation.\" >&2\n    exit 1\nfi\n# This output is used by Xcode 'outputs' to avoid re-running this script phase.\necho \"SUCCESS\" > \"${SCRIPT_OUTPUT_FILE_0}\"\n";
			showEnvVarsInLog = 0;
		};
/* End PBXShellScriptBuildPhase section */

/* Begin PBXSourcesBuildPhase section */
		8053746A1C14548F0050763C /* Sources */ = {
			isa = PBXSourcesBuildPhase;
			buildActionMask = 2147483647;
			files = (
				80EFB1A61C1DA1630084E49A /* VertexUser.swift in Sources */,
				800953131C17050600AF46CA /* LoginViewController.swift in Sources */,
				805374721C14548F0050763C /* AppDelegate.swift in Sources */,
				80EFB19B1C1D818F0084E49A /* Preference.swift in Sources */,
				80AAAA281C2117C1009D08F9 /* TaskCell.swift in Sources */,
				800953111C1703C600AF46CA /* TasksViewController.swift in Sources */,
				80EFB1A41C1D9C830084E49A /* Task.swift in Sources */,
				80EFB1A21C1D9BE90084E49A /* VertexRequestType.swift in Sources */,
			);
			runOnlyForDeploymentPostprocessing = 0;
		};
		8053747E1C14548F0050763C /* Sources */ = {
			isa = PBXSourcesBuildPhase;
			buildActionMask = 2147483647;
			files = (
				805374871C14548F0050763C /* VertexTests.swift in Sources */,
			);
			runOnlyForDeploymentPostprocessing = 0;
		};
		805374891C14548F0050763C /* Sources */ = {
			isa = PBXSourcesBuildPhase;
			buildActionMask = 2147483647;
			files = (
				805374921C14548F0050763C /* VertexUITests.swift in Sources */,
			);
			runOnlyForDeploymentPostprocessing = 0;
		};
/* End PBXSourcesBuildPhase section */

/* Begin PBXTargetDependency section */
		805374841C14548F0050763C /* PBXTargetDependency */ = {
			isa = PBXTargetDependency;
			target = 8053746D1C14548F0050763C /* Vertex */;
			targetProxy = 805374831C14548F0050763C /* PBXContainerItemProxy */;
		};
		8053748F1C14548F0050763C /* PBXTargetDependency */ = {
			isa = PBXTargetDependency;
			target = 8053746D1C14548F0050763C /* Vertex */;
			targetProxy = 8053748E1C14548F0050763C /* PBXContainerItemProxy */;
		};
/* End PBXTargetDependency section */

/* Begin PBXVariantGroup section */
		8053747A1C14548F0050763C /* LaunchScreen.storyboard */ = {
			isa = PBXVariantGroup;
			children = (
				8053747B1C14548F0050763C /* Base */,
			);
			name = LaunchScreen.storyboard;
			sourceTree = "<group>";
		};
/* End PBXVariantGroup section */

/* Begin XCBuildConfiguration section */
		805374941C14548F0050763C /* Debug */ = {
			isa = XCBuildConfiguration;
			buildSettings = {
				ALWAYS_SEARCH_USER_PATHS = NO;
				CLANG_ANALYZER_LOCALIZABILITY_NONLOCALIZED = YES;
				CLANG_CXX_LANGUAGE_STANDARD = "gnu++0x";
				CLANG_CXX_LIBRARY = "libc++";
				CLANG_ENABLE_MODULES = YES;
				CLANG_ENABLE_OBJC_ARC = YES;
				CLANG_WARN_BLOCK_CAPTURE_AUTORELEASING = YES;
				CLANG_WARN_BOOL_CONVERSION = YES;
				CLANG_WARN_COMMA = YES;
				CLANG_WARN_CONSTANT_CONVERSION = YES;
				CLANG_WARN_DEPRECATED_OBJC_IMPLEMENTATIONS = YES;
				CLANG_WARN_DIRECT_OBJC_ISA_USAGE = YES_ERROR;
				CLANG_WARN_EMPTY_BODY = YES;
				CLANG_WARN_ENUM_CONVERSION = YES;
				CLANG_WARN_INFINITE_RECURSION = YES;
				CLANG_WARN_INT_CONVERSION = YES;
				CLANG_WARN_NON_LITERAL_NULL_CONVERSION = YES;
				CLANG_WARN_OBJC_IMPLICIT_RETAIN_SELF = YES;
				CLANG_WARN_OBJC_LITERAL_CONVERSION = YES;
				CLANG_WARN_OBJC_ROOT_CLASS = YES_ERROR;
				CLANG_WARN_RANGE_LOOP_ANALYSIS = YES;
				CLANG_WARN_STRICT_PROTOTYPES = YES;
				CLANG_WARN_SUSPICIOUS_MOVE = YES;
				CLANG_WARN_UNREACHABLE_CODE = YES;
				CLANG_WARN__DUPLICATE_METHOD_MATCH = YES;
				"CODE_SIGN_IDENTITY[sdk=iphoneos*]" = "iPhone Developer";
				COPY_PHASE_STRIP = NO;
				DEBUG_INFORMATION_FORMAT = dwarf;
				ENABLE_STRICT_OBJC_MSGSEND = YES;
				ENABLE_TESTABILITY = YES;
				GCC_C_LANGUAGE_STANDARD = gnu99;
				GCC_DYNAMIC_NO_PIC = NO;
				GCC_NO_COMMON_BLOCKS = YES;
				GCC_OPTIMIZATION_LEVEL = 0;
				GCC_PREPROCESSOR_DEFINITIONS = (
					"DEBUG=1",
					"$(inherited)",
				);
				GCC_WARN_64_TO_32_BIT_CONVERSION = YES;
				GCC_WARN_ABOUT_RETURN_TYPE = YES_ERROR;
				GCC_WARN_UNDECLARED_SELECTOR = YES;
				GCC_WARN_UNINITIALIZED_AUTOS = YES_AGGRESSIVE;
				GCC_WARN_UNUSED_FUNCTION = YES;
				GCC_WARN_UNUSED_VARIABLE = YES;
				IPHONEOS_DEPLOYMENT_TARGET = 9.1;
				MTL_ENABLE_DEBUG_INFO = YES;
				ONLY_ACTIVE_ARCH = YES;
				SDKROOT = iphoneos;
				SWIFT_OPTIMIZATION_LEVEL = "-Onone";
			};
			name = Debug;
		};
		805374951C14548F0050763C /* Release */ = {
			isa = XCBuildConfiguration;
			buildSettings = {
				ALWAYS_SEARCH_USER_PATHS = NO;
				CLANG_ANALYZER_LOCALIZABILITY_NONLOCALIZED = YES;
				CLANG_CXX_LANGUAGE_STANDARD = "gnu++0x";
				CLANG_CXX_LIBRARY = "libc++";
				CLANG_ENABLE_MODULES = YES;
				CLANG_ENABLE_OBJC_ARC = YES;
				CLANG_WARN_BLOCK_CAPTURE_AUTORELEASING = YES;
				CLANG_WARN_BOOL_CONVERSION = YES;
				CLANG_WARN_COMMA = YES;
				CLANG_WARN_CONSTANT_CONVERSION = YES;
				CLANG_WARN_DEPRECATED_OBJC_IMPLEMENTATIONS = YES;
				CLANG_WARN_DIRECT_OBJC_ISA_USAGE = YES_ERROR;
				CLANG_WARN_EMPTY_BODY = YES;
				CLANG_WARN_ENUM_CONVERSION = YES;
				CLANG_WARN_INFINITE_RECURSION = YES;
				CLANG_WARN_INT_CONVERSION = YES;
				CLANG_WARN_NON_LITERAL_NULL_CONVERSION = YES;
				CLANG_WARN_OBJC_IMPLICIT_RETAIN_SELF = YES;
				CLANG_WARN_OBJC_LITERAL_CONVERSION = YES;
				CLANG_WARN_OBJC_ROOT_CLASS = YES_ERROR;
				CLANG_WARN_RANGE_LOOP_ANALYSIS = YES;
				CLANG_WARN_STRICT_PROTOTYPES = YES;
				CLANG_WARN_SUSPICIOUS_MOVE = YES;
				CLANG_WARN_UNREACHABLE_CODE = YES;
				CLANG_WARN__DUPLICATE_METHOD_MATCH = YES;
				"CODE_SIGN_IDENTITY[sdk=iphoneos*]" = "iPhone Developer";
				COPY_PHASE_STRIP = NO;
				DEBUG_INFORMATION_FORMAT = "dwarf-with-dsym";
				ENABLE_NS_ASSERTIONS = NO;
				ENABLE_STRICT_OBJC_MSGSEND = YES;
				GCC_C_LANGUAGE_STANDARD = gnu99;
				GCC_NO_COMMON_BLOCKS = YES;
				GCC_WARN_64_TO_32_BIT_CONVERSION = YES;
				GCC_WARN_ABOUT_RETURN_TYPE = YES_ERROR;
				GCC_WARN_UNDECLARED_SELECTOR = YES;
				GCC_WARN_UNINITIALIZED_AUTOS = YES_AGGRESSIVE;
				GCC_WARN_UNUSED_FUNCTION = YES;
				GCC_WARN_UNUSED_VARIABLE = YES;
				IPHONEOS_DEPLOYMENT_TARGET = 9.1;
				MTL_ENABLE_DEBUG_INFO = NO;
				SDKROOT = iphoneos;
				SWIFT_COMPILATION_MODE = wholemodule;
				VALIDATE_PRODUCT = YES;
			};
			name = Release;
		};
		805374971C14548F0050763C /* Debug */ = {
			isa = XCBuildConfiguration;
			baseConfigurationReference = B90756FFCEF773DC016A15A0 /* Pods-Vertex.debug.xcconfig */;
			buildSettings = {
				ASSETCATALOG_COMPILER_APPICON_NAME = AppIcon;
				CODE_SIGN_ENTITLEMENTS = Vertex/Vertex.entitlements;
				CODE_SIGN_IDENTITY = "iPhone Developer";
				DEVELOPMENT_TEAM = LG7S83GR74;
				INFOPLIST_FILE = Vertex/Info.plist;
				LD_RUNPATH_SEARCH_PATHS = "$(inherited) @executable_path/Frameworks";
				PRODUCT_BUNDLE_IDENTIFIER = org.codefirst.Vertex;
				PRODUCT_NAME = "$(TARGET_NAME)";
				SWIFT_VERSION = 5.0;
			};
			name = Debug;
		};
		805374981C14548F0050763C /* Release */ = {
			isa = XCBuildConfiguration;
			baseConfigurationReference = B803C5965C007D1E1F513631 /* Pods-Vertex.release.xcconfig */;
			buildSettings = {
				ASSETCATALOG_COMPILER_APPICON_NAME = AppIcon;
				CODE_SIGN_ENTITLEMENTS = Vertex/Vertex.entitlements;
				CODE_SIGN_IDENTITY = "iPhone Developer";
				DEVELOPMENT_TEAM = LG7S83GR74;
				INFOPLIST_FILE = Vertex/Info.plist;
				LD_RUNPATH_SEARCH_PATHS = "$(inherited) @executable_path/Frameworks";
				PRODUCT_BUNDLE_IDENTIFIER = org.codefirst.Vertex;
				PRODUCT_NAME = "$(TARGET_NAME)";
				SWIFT_VERSION = 5.0;
			};
			name = Release;
		};
		8053749A1C14548F0050763C /* Debug */ = {
			isa = XCBuildConfiguration;
			buildSettings = {
				BUNDLE_LOADER = "$(TEST_HOST)";
				INFOPLIST_FILE = VertexTests/Info.plist;
				LD_RUNPATH_SEARCH_PATHS = "$(inherited) @executable_path/Frameworks @loader_path/Frameworks";
				PRODUCT_BUNDLE_IDENTIFIER = org.codefirst.VertexTests;
				PRODUCT_NAME = "$(TARGET_NAME)";
				SWIFT_VERSION = 5.0;
				TEST_HOST = "$(BUILT_PRODUCTS_DIR)/Vertex.app/Vertex";
			};
			name = Debug;
		};
		8053749B1C14548F0050763C /* Release */ = {
			isa = XCBuildConfiguration;
			buildSettings = {
				BUNDLE_LOADER = "$(TEST_HOST)";
				INFOPLIST_FILE = VertexTests/Info.plist;
				LD_RUNPATH_SEARCH_PATHS = "$(inherited) @executable_path/Frameworks @loader_path/Frameworks";
				PRODUCT_BUNDLE_IDENTIFIER = org.codefirst.VertexTests;
				PRODUCT_NAME = "$(TARGET_NAME)";
				SWIFT_VERSION = 5.0;
				TEST_HOST = "$(BUILT_PRODUCTS_DIR)/Vertex.app/Vertex";
			};
			name = Release;
		};
		8053749D1C14548F0050763C /* Debug */ = {
			isa = XCBuildConfiguration;
			buildSettings = {
				INFOPLIST_FILE = VertexUITests/Info.plist;
				LD_RUNPATH_SEARCH_PATHS = "$(inherited) @executable_path/Frameworks @loader_path/Frameworks";
				PRODUCT_BUNDLE_IDENTIFIER = org.codefirst.VertexUITests;
				PRODUCT_NAME = "$(TARGET_NAME)";
				SWIFT_VERSION = 5.0;
				TEST_TARGET_NAME = Vertex;
				USES_XCTRUNNER = YES;
			};
			name = Debug;
		};
		8053749E1C14548F0050763C /* Release */ = {
			isa = XCBuildConfiguration;
			buildSettings = {
				INFOPLIST_FILE = VertexUITests/Info.plist;
				LD_RUNPATH_SEARCH_PATHS = "$(inherited) @executable_path/Frameworks @loader_path/Frameworks";
				PRODUCT_BUNDLE_IDENTIFIER = org.codefirst.VertexUITests;
				PRODUCT_NAME = "$(TARGET_NAME)";
				SWIFT_VERSION = 5.0;
				TEST_TARGET_NAME = Vertex;
				USES_XCTRUNNER = YES;
			};
			name = Release;
		};
/* End XCBuildConfiguration section */

/* Begin XCConfigurationList section */
		805374691C14548F0050763C /* Build configuration list for PBXProject "Vertex" */ = {
			isa = XCConfigurationList;
			buildConfigurations = (
				805374941C14548F0050763C /* Debug */,
				805374951C14548F0050763C /* Release */,
			);
			defaultConfigurationIsVisible = 0;
			defaultConfigurationName = Release;
		};
		805374961C14548F0050763C /* Build configuration list for PBXNativeTarget "Vertex" */ = {
			isa = XCConfigurationList;
			buildConfigurations = (
				805374971C14548F0050763C /* Debug */,
				805374981C14548F0050763C /* Release */,
			);
			defaultConfigurationIsVisible = 0;
			defaultConfigurationName = Release;
		};
		805374991C14548F0050763C /* Build configuration list for PBXNativeTarget "VertexTests" */ = {
			isa = XCConfigurationList;
			buildConfigurations = (
				8053749A1C14548F0050763C /* Debug */,
				8053749B1C14548F0050763C /* Release */,
			);
			defaultConfigurationIsVisible = 0;
			defaultConfigurationName = Release;
		};
		8053749C1C14548F0050763C /* Build configuration list for PBXNativeTarget "VertexUITests" */ = {
			isa = XCConfigurationList;
			buildConfigurations = (
				8053749D1C14548F0050763C /* Debug */,
				8053749E1C14548F0050763C /* Release */,
			);
			defaultConfigurationIsVisible = 0;
			defaultConfigurationName = Release;
		};
/* End XCConfigurationList section */
	};
	rootObject = 805374661C14548F0050763C /* Project object */;
}
